
Microsoft Visual Studio Solution File, Format Version 12.00
# Visual Studio 2013
VisualStudioVersion = 12.0.31101.0
MinimumVisualStudioVersion = 10.0.40219.1
Project("{FAE04EC0-301F-11D3-BF4B-00C04F79EFBC}") = "UI", "UI\UI.csproj", "{AA3F0402-133B-4837-BBF0-5A58C812778D}"
EndProject
Project("{FAE04EC0-301F-11D3-BF4B-00C04F79EFBC}") = "BO", "BO\BO.csproj", "{D077E856-CCF3-4EAF-A98E-00BD8633346A}"
EndProject
Project("{FAE04EC0-301F-11D3-BF4B-00C04F79EFBC}") = "DAL", "DAL\DAL.csproj", "{EFECFE9C-34D6-4B86-B5C6-992EF683E702}"
EndProject
Project("{FAE04EC0-301F-11D3-BF4B-00C04F79EFBC}") = "Entity", "Entity\Entity.csproj", "{8B285D6B-72D7-41EA-BC4C-E11297CBAEE9}"
EndProject
Global
	GlobalSection(SolutionConfigurationPlatforms) = preSolution
		Debug|Any CPU = Debug|Any CPU
		Release|Any CPU = Release|Any CPU
	EndGlobalSection
	GlobalSection(ProjectConfigurationPlatforms) = postSolution
		{AA3F0402-133B-4837-BBF0-5A58C812778D}.Debug|Any CPU.ActiveCfg = Debug|Any CPU
		{AA3F0402-133B-4837-BBF0-5A58C812778D}.Debug|Any CPU.Build.0 = Debug|Any CPU
		{AA3F0402-133B-4837-BBF0-5A58C812778D}.Release|Any CPU.ActiveCfg = Release|Any CPU
		{AA3F0402-133B-4837-BBF0-5A58C812778D}.Release|Any CPU.Build.0 = Release|Any CPU
		{D077E856-CCF3-4EAF-A98E-00BD8633346A}.Debug|Any CPU.ActiveCfg = Debug|Any CPU
		{D077E856-CCF3-4EAF-A98E-00BD8633346A}.Debug|Any CPU.Build.0 = Debug|Any CPU
		{D077E856-CCF3-4EAF-A98E-00BD8633346A}.Release|Any CPU.ActiveCfg = Release|Any CPU
		{D077E856-CCF3-4EAF-A98E-00BD8633346A}.Release|Any CPU.Build.0 = Release|Any CPU
		{EFECFE9C-34D6-4B86-B5C6-992EF683E702}.Debug|Any CPU.ActiveCfg = Debug|Any CPU
		{EFECFE9C-34D6-4B86-B5C6-992EF683E702}.Debug|Any CPU.Build.0 = Debug|Any CPU
		{EFECFE9C-34D6-4B86-B5C6-992EF683E702}.Release|Any CPU.ActiveCfg = Release|Any CPU
		{EFECFE9C-34D6-4B86-B5C6-992EF683E702}.Release|Any CPU.Build.0 = Release|Any CPU
		{8B285D6B-72D7-41EA-BC4C-E11297CBAEE9}.Debug|Any CPU.ActiveCfg = Debug|Any CPU
		{8B285D6B-72D7-41EA-BC4C-E11297CBAEE9}.Debug|Any CPU.Build.0 = Debug|Any CPU
		{8B285D6B-72D7-41EA-BC4C-E11297CBAEE9}.Release|Any CPU.ActiveCfg = Release|Any CPU
		{8B285D6B-72D7-41EA-BC4C-E11297CBAEE9}.Release|Any CPU.Build.0 = Release|Any CPU
	EndGlobalSection
	GlobalSection(SolutionProperties) = preSolution
		HideSolutionNode = FALSE
	EndGlobalSection
EndGlobal
